#MicroXplorer Configuration settings - do not modify
ADC.Channel-0\#ChannelRegularConversion=ADC_CHANNEL_3
ADC.Channel-1\#ChannelRegularConversion=ADC_CHANNEL_11
ADC.ClockPrescaler=ADC_CLOCK_SYNC_PCLK_DIV4
ADC.EnableRegularConversion=ENABLE
ADC.ExternalTrigConv=ADC_EXTERNALTRIG_T2_TRGO
ADC.IPParameters=NbrOfConversion,SelectedChannel,SamplingTimeCommon1,SamplingTimeCommon2,ClockPrescaler,EnableRegularConversion,ExternalTrigConv,Rank-0\#ChannelRegularConversion,Channel-0\#ChannelRegularConversion,SamplingTime-0\#ChannelRegularConversion,NbrOfConversionFlag,Rank-1\#ChannelRegularConversion,Channel-1\#ChannelRegularConversion,SamplingTime-1\#ChannelRegularConversion
ADC.NbrOfConversion=2
ADC.NbrOfConversionFlag=1
ADC.Rank-0\#ChannelRegularConversion=1
ADC.Rank-1\#ChannelRegularConversion=2
ADC.SamplingTime-0\#ChannelRegularConversion=ADC_SAMPLINGTIME_COMMON_2
ADC.SamplingTime-1\#ChannelRegularConversion=ADC_SAMPLINGTIME_COMMON_2
ADC.SamplingTimeCommon1=ADC_SAMPLETIME_160CYCLES_5
ADC.SamplingTimeCommon2=ADC_SAMPLETIME_3CYCLES_5
ADC.SelectedChannel=ADC_CHANNEL_3|ADC_CHANNEL_11|ADC_CHANNEL_TEMPSENSOR|ADC_CHANNEL_VREFINT
Dma.ADC.1.Direction=DMA_PERIPH_TO_MEMORY
Dma.ADC.1.EventEnable=DISABLE
Dma.ADC.1.Instance=DMA1_Channel1
Dma.ADC.1.MemDataAlignment=DMA_MDATAALIGN_HALFWORD
Dma.ADC.1.MemInc=DMA_MINC_ENABLE
Dma.ADC.1.Mode=DMA_CIRCULAR
Dma.ADC.1.PeriphDataAlignment=DMA_PDATAALIGN_HALFWORD
Dma.ADC.1.PeriphInc=DMA_PINC_DISABLE
Dma.ADC.1.Polarity=HAL_DMAMUX_REQ_GEN_RISING
Dma.ADC.1.Priority=DMA_PRIORITY_LOW
Dma.ADC.1.RequestNumber=1
Dma.ADC.1.RequestParameters=Instance,Direction,PeriphInc,MemInc,PeriphDataAlignment,MemDataAlignment,Mode,Priority,SignalID,Polarity,RequestNumber,SyncSignalID,SyncPolarity,SyncEnable,EventEnable,SyncRequestNumber
Dma.ADC.1.SignalID=NONE
Dma.ADC.1.SyncEnable=DISABLE
Dma.ADC.1.SyncPolarity=HAL_DMAMUX_SYNC_NO_EVENT
Dma.ADC.1.SyncRequestNumber=1
Dma.ADC.1.SyncSignalID=NONE
Dma.LPUART1_TX.0.Direction=DMA_MEMORY_TO_PERIPH
Dma.LPUART1_TX.0.EventEnable=DISABLE
Dma.LPUART1_TX.0.Instance=DMA1_Channel5
Dma.LPUART1_TX.0.MemDataAlignment=DMA_MDATAALIGN_BYTE
Dma.LPUART1_TX.0.MemInc=DMA_MINC_ENABLE
Dma.LPUART1_TX.0.Mode=DMA_NORMAL
Dma.LPUART1_TX.0.PeriphDataAlignment=DMA_PDATAALIGN_BYTE
Dma.LPUART1_TX.0.PeriphInc=DMA_PINC_DISABLE
Dma.LPUART1_TX.0.Polarity=HAL_DMAMUX_REQ_GEN_RISING
Dma.LPUART1_TX.0.Priority=DMA_PRIORITY_LOW
Dma.LPUART1_TX.0.RequestNumber=1
Dma.LPUART1_TX.0.RequestParameters=Instance,Direction,PeriphInc,MemInc,PeriphDataAlignment,MemDataAlignment,Mode,Priority,SignalID,Polarity,RequestNumber,SyncSignalID,SyncPolarity,SyncEnable,EventEnable,SyncRequestNumber
Dma.LPUART1_TX.0.SignalID=NONE
Dma.LPUART1_TX.0.SyncEnable=DISABLE
Dma.LPUART1_TX.0.SyncPolarity=HAL_DMAMUX_SYNC_NO_EVENT
Dma.LPUART1_TX.0.SyncRequestNumber=1
Dma.LPUART1_TX.0.SyncSignalID=NONE
Dma.Request0=LPUART1_TX
Dma.Request1=ADC
Dma.RequestsNb=2
File.Version=6
GPIO.groupedBy=Group By Peripherals
KeepUserPlacement=false
LORAWAN.ACTIVE_REGION=LORAMAC_REGION_US915
LORAWAN.APP_TX_DUTYCYCLE=30000
LORAWAN.Activate_BOARD_RESOURCES=none
LORAWAN.Activate_DEBUG_LINE=false
LORAWAN.Activate_RADIO_BOARD_INTERFACE=UserBoard
LORAWAN.IPParameters=SUBGHZ_APPLICATION,ACTIVE_REGION,Activate_BOARD_RESOURCES,LORAMAC_CLASSB_ENABLED,Activate_RADIO_BOARD_INTERFACE,Activate_DEBUG_LINE,TX_RFO_CONFIG,REGION_EU868,STATIC_DEVICE_EUI,APP_TX_DUTYCYCLE
LORAWAN.LORAMAC_CLASSB_ENABLED=true
LORAWAN.REGION_EU868=false
LORAWAN.STATIC_DEVICE_EUI=false
LORAWAN.SUBGHZ_APPLICATION=LORA_END_NODE
LORAWAN.TX_RFO_CONFIG=RBI_CONF_RFO_HP
LPUART1.BaudRate=9600
LPUART1.IPParameters=BaudRate
LoRaWAN.BSP.number=3
LoRaWAN0.BSP.STBoard=false
LoRaWAN0.BSP.api=Unknown
LoRaWAN0.BSP.component=
LoRaWAN0.BSP.condition=\!SEM_LORA_USER_APPLICATION | SEM_LORA_USE_RTC
LoRaWAN0.BSP.i2caddr=0
LoRaWAN0.BSP.i2creg=
LoRaWAN0.BSP.instance=RTC
LoRaWAN0.BSP.ip=RTC
LoRaWAN0.BSP.mode=RTC Enabled
LoRaWAN0.BSP.name=RTC
LoRaWAN0.BSP.semaphore=
LoRaWAN0.BSP.solution=RTC
LoRaWAN1.BSP.STBoard=false
LoRaWAN1.BSP.api=Unknown
LoRaWAN1.BSP.component=
LoRaWAN1.BSP.condition=\!SEM_LORA_USER_APPLICATION | SEM_LORA_USE_ADC
LoRaWAN1.BSP.i2caddr=0
LoRaWAN1.BSP.i2creg=
LoRaWAN1.BSP.instance=ADC
LoRaWAN1.BSP.ip=ADC
LoRaWAN1.BSP.mode=Vrefint Channel
LoRaWAN1.BSP.name=ADC
LoRaWAN1.BSP.semaphore=
LoRaWAN1.BSP.solution=ADC
LoRaWAN2.BSP.STBoard=false
LoRaWAN2.BSP.api=Unknown
LoRaWAN2.BSP.component=
LoRaWAN2.BSP.condition=SEM_LORA_END_NODE  | SEM_LORA_USE_UART
LoRaWAN2.BSP.i2caddr=0
LoRaWAN2.BSP.i2creg=
LoRaWAN2.BSP.instance=LPUART1
LoRaWAN2.BSP.ip=(LPU|US)ART
LoRaWAN2.BSP.mode=Asynchronous
LoRaWAN2.BSP.name=USART
LoRaWAN2.BSP.semaphore=
LoRaWAN2.BSP.solution=LPUART1
Mcu.Family=STM32WL
Mcu.IP0=ADC
Mcu.IP1=ADV_TRACE
Mcu.IP10=RTC
Mcu.IP11=SEQUENCER
Mcu.IP12=SPI2
Mcu.IP13=SUBGHZ
Mcu.IP14=SYS
Mcu.IP15=TIM2
Mcu.IP16=TIMER
Mcu.IP17=TINY_LPM
Mcu.IP2=DEBUG
Mcu.IP3=DMA
Mcu.IP4=FATFS
Mcu.IP5=LORAWAN
Mcu.IP6=LPUART1
Mcu.IP7=MISC
Mcu.IP8=NVIC
Mcu.IP9=RCC
Mcu.IPNb=18
Mcu.Name=STM32WLE5JCIx
Mcu.Package=UFBGA73
Mcu.Pin0=PA14
Mcu.Pin1=PA15
Mcu.Pin10=PA0
Mcu.Pin11=PB13
Mcu.Pin12=PB6
Mcu.Pin13=PC1
Mcu.Pin14=PC0
Mcu.Pin15=PB0-VDD_TCXO
Mcu.Pin16=OSC_IN
Mcu.Pin17=PA3
Mcu.Pin18=PA2
Mcu.Pin19=PB10
Mcu.Pin2=PC14-OSC32_IN
Mcu.Pin20=PA4
Mcu.Pin21=PA5
Mcu.Pin22=VP_ADC_TempSens_Input
Mcu.Pin23=VP_ADC_Vref_Input
Mcu.Pin24=VP_ADV_TRACE_VS_ADV_TRACE
Mcu.Pin25=VP_FATFS_VS_Generic
Mcu.Pin26=VP_LORAWAN_VS_LoRaWAN
Mcu.Pin27=VP_MISC_VS_MISC
Mcu.Pin28=VP_RTC_VS_RTC_Activate
Mcu.Pin29=VP_RTC_VS_RTC_Calendar
Mcu.Pin3=PA13
Mcu.Pin30=VP_RTC_VS_RTC_Alarm_A_Intern
Mcu.Pin31=VP_SEQUENCER_VS_SEQUENCER
Mcu.Pin32=VP_SUBGHZ_VS_SUBGHZ
Mcu.Pin33=VP_SYS_VS_Systick
Mcu.Pin34=VP_TIM2_VS_ClockSourceINT
Mcu.Pin35=VP_TIMER_VS_TIMER
Mcu.Pin36=VP_TINY_LPM_VS_TINY_LPM
Mcu.Pin4=PB4
Mcu.Pin5=PB7
Mcu.Pin6=PB9
Mcu.Pin7=PC15-OSC32_OUT
Mcu.Pin8=PB14
Mcu.Pin9=PA10
Mcu.PinsNb=37
Mcu.ThirdPartyNb=0
Mcu.UserConstants=USART_BAUDRATE,115200;RTC_PREDIV_A,((1<<(15-RTC_N_PREDIV_S))-1);RTC_N_PREDIV_S,10;RTC_PREDIV_S,((1<<RTC_N_PREDIV_S)-1)
Mcu.UserName=STM32WLE5JCIx
MxCube.Version=6.3.0
MxDb.Version=DB.6.0.30
NVIC.BusFault_IRQn=true\:0\:0\:false\:false\:true\:false\:false
NVIC.DMA1_Channel1_IRQn=true\:0\:0\:false\:false\:true\:false\:true
NVIC.DMA1_Channel5_IRQn=true\:0\:0\:false\:false\:true\:false\:true
NVIC.DebugMonitor_IRQn=true\:0\:0\:false\:false\:true\:false\:false
NVIC.EXTI0_IRQn=true\:0\:0\:false\:false\:true\:true\:true
NVIC.ForceEnableDMAVector=true
NVIC.HardFault_IRQn=true\:0\:0\:false\:false\:true\:false\:false
NVIC.LPUART1_IRQn=true\:2\:0\:true\:false\:true\:true\:true
NVIC.MemoryManagement_IRQn=true\:0\:0\:false\:false\:true\:false\:false
NVIC.NonMaskableInt_IRQn=true\:0\:0\:false\:false\:true\:false\:false
NVIC.PendSV_IRQn=true\:0\:0\:false\:false\:true\:false\:false
NVIC.PriorityGroup=NVIC_PRIORITYGROUP_4
NVIC.RTC_Alarm_IRQn=true\:0\:0\:false\:false\:true\:true\:true
NVIC.SUBGHZ_Radio_IRQn=true\:0\:0\:false\:false\:true\:true\:true
NVIC.SVCall_IRQn=true\:0\:0\:false\:false\:true\:false\:false
NVIC.SysTick_IRQn=true\:15\:0\:false\:false\:true\:false\:true
NVIC.TAMP_STAMP_LSECSS_SSRU_IRQn=true\:0\:0\:false\:false\:true\:true\:true
NVIC.UsageFault_IRQn=true\:0\:0\:false\:false\:true\:false\:false
OSC_IN.Mode=HSE-TCXO
OSC_IN.Signal=RCC_OSC_IN
PA0.GPIOParameters=GPIO_PuPd,GPIO_Label,GPIO_ModeDefaultEXTI
PA0.GPIO_Label=BTN
PA0.GPIO_ModeDefaultEXTI=GPIO_MODE_IT_FALLING
PA0.GPIO_PuPd=GPIO_PULLUP
PA0.Locked=true
PA0.Signal=GPXTI0
PA10.GPIOParameters=GPIO_PuPd
PA10.GPIO_PuPd=GPIO_PULLUP
PA10.Locked=true
PA10.Mode=Full_Duplex_Master
PA10.Signal=SPI2_MOSI
PA13.Mode=Serial_Wire
PA13.Signal=DEBUG_JTMS-SWDIO
PA14.Mode=Serial_Wire
PA14.Signal=DEBUG_JTCK-SWCLK
PA15.GPIOParameters=GPIO_Label
PA15.GPIO_Label=AFE_CH2
PA15.Locked=true
PA15.Mode=IN11
PA15.Signal=ADC_IN11
PA2.GPIOParameters=GPIO_Label
PA2.GPIO_Label=LED_G
PA2.Locked=true
PA2.Signal=GPIO_Output
PA3.GPIOParameters=GPIO_Label
PA3.GPIO_Label=LED_R
PA3.Locked=true
PA3.Signal=GPIO_Output
PA4.GPIOParameters=GPIO_Label
PA4.GPIO_Label=RF_SW_CTRL1
PA4.Locked=true
PA4.Signal=GPIO_Output
PA5.GPIOParameters=GPIO_Label
PA5.GPIO_Label=RF_SW_CTRL2
PA5.Locked=true
PA5.Signal=GPIO_Output
PB0-VDD_TCXO.Mode=HSE-TCXO
PB0-VDD_TCXO.Signal=VDDTCXO
PB10.GPIOParameters=GPIO_Label
PB10.GPIO_Label=LED_B
PB10.Locked=true
PB10.Signal=GPIO_Output
PB13.GPIOParameters=GPIO_PuPd
PB13.GPIO_PuPd=GPIO_PULLUP
PB13.Locked=true
PB13.Mode=Full_Duplex_Master
PB13.Signal=SPI2_SCK
PB14.GPIOParameters=GPIO_PuPd
PB14.GPIO_PuPd=GPIO_PULLUP
PB14.Locked=true
PB14.Mode=Full_Duplex_Master
PB14.Signal=SPI2_MISO
PB4.GPIOParameters=GPIO_Label
PB4.GPIO_Label=AFE_CH1
PB4.Locked=true
PB4.Mode=IN3
PB4.Signal=ADC_IN3
PB6.Locked=true
PB6.Signal=USART1_TX
PB7.Locked=true
PB7.Signal=USART1_RX
PB9.GPIOParameters=GPIO_Label
PB9.GPIO_Label=SD_CS
PB9.Locked=true
PB9.Signal=GPIO_Output
PC0.Locked=true
PC0.Mode=Asynchronous
PC0.Signal=LPUART1_RX
PC1.Locked=true
PC1.Mode=Asynchronous
PC1.Signal=LPUART1_TX
PC14-OSC32_IN.Mode=LSE-External-Oscillator
PC14-OSC32_IN.Signal=RCC_OSC32_IN
PC15-OSC32_OUT.Mode=LSE-External-Oscillator
PC15-OSC32_OUT.Signal=RCC_OSC32_OUT
PCC.SUBGHZ.FrequencyBand=High
PCC.SUBGHZ.Modulation=FSK
PCC.SUBGHZ.OptionalSettings=false
PCC.SUBGHZ.Output.Power=14
PCC.SUBGHZ.PowerAmplifier=Low Power
PCC.SUBGHZ.RxBoosted=false
PCC.SUBGHZ.SMPS=Off
PinOutPanel.CurrentBGAView=Top
PinOutPanel.RotationAngle=0
ProjectManager.AskForMigrate=true
ProjectManager.BackupPrevious=false
ProjectManager.CompilerOptimize=6
ProjectManager.ComputerToolchain=false
ProjectManager.CoupleFile=true
ProjectManager.CustomerFirmwarePackage=
ProjectManager.DefaultFWLocation=true
ProjectManager.DeletePrevious=true
ProjectManager.DeviceId=STM32WLE5JCIx
ProjectManager.FirmwarePackage=STM32Cube FW_WL V1.1.0
ProjectManager.FreePins=true
ProjectManager.HalAssertFull=false
ProjectManager.HeapSize=0x200
ProjectManager.KeepUserCode=true
ProjectManager.LastFirmware=true
ProjectManager.LibraryCopy=0
ProjectManager.MainLocation=Src
ProjectManager.NoMain=false
ProjectManager.PreviousToolchain=
ProjectManager.ProjectBuild=false
ProjectManager.ProjectFileName=patch_v3_lora_e5.ioc
ProjectManager.ProjectName=patch_v3_lora_e5
ProjectManager.RegisterCallBack=
ProjectManager.StackSize=0x400
ProjectManager.TargetToolchain=Makefile
ProjectManager.ToolChainLocation=
ProjectManager.UnderRoot=false
ProjectManager.functionlistsort=1-MX_GPIO_Init-GPIO-false-HAL-true,2-SystemClock_Config-RCC-false-HAL-false,3-MX_ADC_Init-ADC-true-HAL-false,4-MX_RTC_Init-RTC-true-HAL-false,5-MX_SUBGHZ_Init-SUBGHZ-true-HAL-false,6-MX_LoRaWAN_Init-LORAWAN-false-HAL-false,7-MX_SPI2_Init-SPI2-false-HAL-false,8-MX_FATFS_Init-FATFS-false-HAL-false,9-MX_DMA_Init-DMA-false-HAL-true,10-MX_LPUART1_UART_Init-LPUART1-true-HAL-false,11-MX_TIM2_Init-TIM2-false-HAL-true
RCC.AHBFreq_Value=32000000
RCC.APB1Freq_Value=32000000
RCC.APB1TimFreq_Value=32000000
RCC.APB2Freq_Value=32000000
RCC.APB2TimFreq_Value=32000000
RCC.APB3Freq_Value=32000000
RCC.CortexFreq_Value=32000000
RCC.FCLKCortexFreq_Value=32000000
RCC.FLatency=FLASH_LATENCY_2
RCC.FamilyName=M
RCC.HCLK3Freq_Value=32000000
RCC.HCLKFreq_Value=32000000
RCC.HSE_VALUE=8000000
RCC.HSI_VALUE=16000000
RCC.I2C1Freq_Value=32000000
RCC.I2C2Freq_Value=32000000
RCC.I2C3Freq_Value=32000000
RCC.I2S2Freq_Value=16000000
RCC.IPParameters=AHBFreq_Value,APB1Freq_Value,APB1TimFreq_Value,APB2Freq_Value,APB2TimFreq_Value,APB3Freq_Value,CortexFreq_Value,FCLKCortexFreq_Value,FLatency,FamilyName,HCLK3Freq_Value,HCLKFreq_Value,HSE_VALUE,HSI_VALUE,I2C1Freq_Value,I2C2Freq_Value,I2C3Freq_Value,I2S2Freq_Value,LPTIM1Freq_Value,LPTIM2Freq_Value,LPTIM3Freq_Value,LPUART1Freq_Value,LSCOPinFreq_Value,LSE_VALUE,MCO1PinFreq_Value,MSIClockRange,PLLPoutputFreq_Value,PLLQoutputFreq_Value,PLLRCLKFreq_Value,PWRFreq_Value,RNGFreq_Value,RTCClockSelection,RTCFreq_Value,SYSCLKFreq_VALUE,USART1Freq_Value,USART2Freq_Value,VCOInputFreq_Value,VCOOutputFreq_Value
RCC.LPTIM1Freq_Value=32000000
RCC.LPTIM2Freq_Value=32000000
RCC.LPTIM3Freq_Value=32000000
RCC.LPUART1Freq_Value=32000000
RCC.LSCOPinFreq_Value=32000
RCC.LSE_VALUE=32768
RCC.MCO1PinFreq_Value=32000000
RCC.MSIClockRange=RCC_MSIRANGE_10
RCC.PLLPoutputFreq_Value=128000000
RCC.PLLQoutputFreq_Value=128000000
RCC.PLLRCLKFreq_Value=128000000
RCC.PWRFreq_Value=32000000
RCC.RNGFreq_Value=32000
RCC.RTCClockSelection=RCC_RTCCLKSOURCE_LSE
RCC.RTCFreq_Value=32768
RCC.SYSCLKFreq_VALUE=32000000
RCC.USART1Freq_Value=32000000
RCC.USART2Freq_Value=32000000
RCC.VCOInputFreq_Value=32000000
RCC.VCOOutputFreq_Value=256000000
RTC.Alarm-Alarm\ A=RTC_ALARM_A
RTC.AsynchPrediv=RTC_PREDIV_A
RTC.BinMode=RTC_BINARY_ONLY
RTC.IPParameters=BinMode,AsynchPrediv,Alarm-Alarm A
SH.GPXTI0.0=GPIO_EXTI0
SH.GPXTI0.ConfNb=1
SPI2.BaudRatePrescaler=SPI_BAUDRATEPRESCALER_128
SPI2.CalculateBaudRate=125.0 KBits/s
SPI2.DataSize=SPI_DATASIZE_8BIT
SPI2.Direction=SPI_DIRECTION_2LINES
SPI2.IPParameters=VirtualType,Mode,Direction,CalculateBaudRate,DataSize,BaudRatePrescaler
SPI2.Mode=SPI_MODE_MASTER
SPI2.VirtualType=VM_MASTER
SUBGHZ.BaudratePrescaler=SUBGHZSPI_BAUDRATEPRESCALER_4
SUBGHZ.IPParameters=BaudratePrescaler
TIM2.IPParameters=Period,TIM_MasterOutputTrigger
TIM2.Period=1999
TIM2.TIM_MasterOutputTrigger=TIM_TRGO_UPDATE
VP_ADC_TempSens_Input.Mode=IN-TempSens
VP_ADC_TempSens_Input.Signal=ADC_TempSens_Input
VP_ADC_Vref_Input.Mode=IN-Vrefint
VP_ADC_Vref_Input.Signal=ADC_Vref_Input
VP_ADV_TRACE_VS_ADV_TRACE.Mode=ADV_TRACE_Enabled
VP_ADV_TRACE_VS_ADV_TRACE.Signal=ADV_TRACE_VS_ADV_TRACE
VP_FATFS_VS_Generic.Mode=User_defined
VP_FATFS_VS_Generic.Signal=FATFS_VS_Generic
VP_LORAWAN_VS_LoRaWAN.Mode=LoRaWAN_Enabled
VP_LORAWAN_VS_LoRaWAN.Signal=LORAWAN_VS_LoRaWAN
VP_MISC_VS_MISC.Mode=MISC_Enabled
VP_MISC_VS_MISC.Signal=MISC_VS_MISC
VP_RTC_VS_RTC_Activate.Mode=RTC_Enabled
VP_RTC_VS_RTC_Activate.Signal=RTC_VS_RTC_Activate
VP_RTC_VS_RTC_Alarm_A_Intern.Mode=Alarm A
VP_RTC_VS_RTC_Alarm_A_Intern.Signal=RTC_VS_RTC_Alarm_A_Intern
VP_RTC_VS_RTC_Calendar.Mode=RTC_Calendar
VP_RTC_VS_RTC_Calendar.Signal=RTC_VS_RTC_Calendar
VP_SEQUENCER_VS_SEQUENCER.Mode=SEQUENCER_Enabled
VP_SEQUENCER_VS_SEQUENCER.Signal=SEQUENCER_VS_SEQUENCER
VP_SUBGHZ_VS_SUBGHZ.Mode=SUBGHZ_Activate
VP_SUBGHZ_VS_SUBGHZ.Signal=SUBGHZ_VS_SUBGHZ
VP_SYS_VS_Systick.Mode=SysTick
VP_SYS_VS_Systick.Signal=SYS_VS_Systick
VP_TIM2_VS_ClockSourceINT.Mode=Internal
VP_TIM2_VS_ClockSourceINT.Signal=TIM2_VS_ClockSourceINT
VP_TIMER_VS_TIMER.Mode=TIMER_Enabled
VP_TIMER_VS_TIMER.Signal=TIMER_VS_TIMER
VP_TINY_LPM_VS_TINY_LPM.Mode=TINY_LPM_Enabled
VP_TINY_LPM_VS_TINY_LPM.Signal=TINY_LPM_VS_TINY_LPM
board=custom
